
Microsoft Visual Studio Solution File, Format Version 12.00
# Visual Studio Version 16
VisualStudioVersion = 16.0.33027.164
MinimumVisualStudioVersion = 10.0.40219.1
Project("{8BC9CEB8-8B4A-11D0-8D11-00A0C91BC942}") = "lab4_201180079_tugrul_alparslan", "lab4_201180079_tugrul_alparslan\lab4_201180079_tugrul_alparslan.vcxproj", "{8DEB18A8-65F2-42CD-8813-2F61D64274B4}"
EndProject
Global
	GlobalSection(SolutionConfigurationPlatforms) = preSolution
		Debug|x64 = Debug|x64
		Debug|x86 = Debug|x86
		Release|x64 = Release|x64
		Release|x86 = Release|x86
	EndGlobalSection
	GlobalSection(ProjectConfigurationPlatforms) = postSolution
		{8DEB18A8-65F2-42CD-8813-2F61D64274B4}.Debug|x64.ActiveCfg = Debug|x64
		{8DEB18A8-65F2-42CD-8813-2F61D64274B4}.Debug|x64.Build.0 = Debug|x64
		{8DEB18A8-65F2-42CD-8813-2F61D64274B4}.Debug|x86.ActiveCfg = Debug|Win32
		{8DEB18A8-65F2-42CD-8813-2F61D64274B4}.Debug|x86.Build.0 = Debug|Win32
		{8DEB18A8-65F2-42CD-8813-2F61D64274B4}.Release|x64.ActiveCfg = Release|x64
		{8DEB18A8-65F2-42CD-8813-2F61D64274B4}.Release|x64.Build.0 = Release|x64
		{8DEB18A8-65F2-42CD-8813-2F61D64274B4}.Release|x86.ActiveCfg = Release|Win32
		{8DEB18A8-65F2-42CD-8813-2F61D64274B4}.Release|x86.Build.0 = Release|Win32
	EndGlobalSection
	GlobalSection(SolutionProperties) = preSolution
		HideSolutionNode = FALSE
	EndGlobalSection
	GlobalSection(ExtensibilityGlobals) = postSolution
		SolutionGuid = {9B2CD1C2-DB3E-46AB-AF7C-9C4FC0A1632F}
	EndGlobalSection
EndGlobal
